Microsoft Visual Studio Solution File, Format Version 11.00
# Visual Studio 2008

Project("{085686A9-3108-34B4-5E01-A138B30156F4}") = "Forest_infiniTREE", "Assembly-CSharp.csproj", "{C10E5A69-78DC-7F7F-E865-99CDBF91ACC2}"
EndProject
Project("{085686A9-3108-34B4-5E01-A138B30156F4}") = "Forest_infiniTREE", "Assembly-CSharp-Editor.csproj", "{157FA705-45FB-7019-C955-E7AE78787178}"
EndProject
Global
	GlobalSection(SolutionConfigurationPlatforms) = preSolution
		Debug|Any CPU = Debug|Any CPU
		Release|Any CPU = Release|Any CPU
	EndGlobalSection
	GlobalSection(ProjectConfigurationPlatforms) = postSolution
		{C10E5A69-78DC-7F7F-E865-99CDBF91ACC2}.Debug|Any CPU.ActiveCfg = Debug|Any CPU
		{C10E5A69-78DC-7F7F-E865-99CDBF91ACC2}.Debug|Any CPU.Build.0 = Debug|Any CPU
		{C10E5A69-78DC-7F7F-E865-99CDBF91ACC2}.Release|Any CPU.ActiveCfg = Release|Any CPU
		{C10E5A69-78DC-7F7F-E865-99CDBF91ACC2}.Release|Any CPU.Build.0 = Release|Any CPU
		{157FA705-45FB-7019-C955-E7AE78787178}.Debug|Any CPU.ActiveCfg = Debug|Any CPU
		{157FA705-45FB-7019-C955-E7AE78787178}.Debug|Any CPU.Build.0 = Debug|Any CPU
		{157FA705-45FB-7019-C955-E7AE78787178}.Release|Any CPU.ActiveCfg = Release|Any CPU
		{157FA705-45FB-7019-C955-E7AE78787178}.Release|Any CPU.Build.0 = Release|Any CPU
	EndGlobalSection
	GlobalSection(SolutionProperties) = preSolution
		HideSolutionNode = FALSE
	EndGlobalSection
	GlobalSection(MonoDevelopProperties) = preSolution
		StartupItem = Assembly-CSharp.csproj
	EndGlobalSection
EndGlobal
